// !$*UTF8*$!
{
	archiveVersion = 1;
	classes = {
	};
	objectVersion = 50;
	objects = {

/* Begin PBXBuildFile section */
		175C3FBF264DE043003B36ED /* ArrayHelpers.swift in Sources */ = {isa = PBXBuildFile; fileRef = 175C3FBE264DE043003B36ED /* ArrayHelpers.swift */; };
		175C3FC2264DECCB003B36ED /* Pie.swift in Sources */ = {isa = PBXBuildFile; fileRef = 175C3FC1264DECCB003B36ED /* Pie.swift */; };
		175C3FC5264DF226003B36ED /* Cardify.swift in Sources */ = {isa = PBXBuildFile; fileRef = 175C3FC4264DF226003B36ED /* Cardify.swift */; };
		178239572647265A00D81291 /* Grid.swift in Sources */ = {isa = PBXBuildFile; fileRef = 178239562647265A00D81291 /* Grid.swift */; };
		1782395A2647282400D81291 /* GridLayout.swift in Sources */ = {isa = PBXBuildFile; fileRef = 178239592647282400D81291 /* GridLayout.swift */; };
		1787B92F25E2CE8300F85F1A /* MemorizeApp.swift in Sources */ = {isa = PBXBuildFile; fileRef = 1787B92E25E2CE8300F85F1A /* MemorizeApp.swift */; };
		1787B93125E2CE8300F85F1A /* EmojiMemoryGameView.swift in Sources */ = {isa = PBXBuildFile; fileRef = 1787B93025E2CE8300F85F1A /* EmojiMemoryGameView.swift */; };
		1787B93325E2CE8600F85F1A /* Assets.xcassets in Resources */ = {isa = PBXBuildFile; fileRef = 1787B93225E2CE8600F85F1A /* Assets.xcassets */; };
		1787B93625E2CE8600F85F1A /* Preview Assets.xcassets in Resources */ = {isa = PBXBuildFile; fileRef = 1787B93525E2CE8600F85F1A /* Preview Assets.xcassets */; };
		1787B93F25E2ED4700F85F1A /* MemoryGame.swift in Sources */ = {isa = PBXBuildFile; fileRef = 1787B93E25E2ED4700F85F1A /* MemoryGame.swift */; };
		1787B94225E2EDE100F85F1A /* EmojiMemoryGame.swift in Sources */ = {isa = PBXBuildFile; fileRef = 1787B94125E2EDE100F85F1A /* EmojiMemoryGame.swift */; };
		17C7B85626547F4D005BF013 /* ButtonStyles.swift in Sources */ = {isa = PBXBuildFile; fileRef = 17C7B85526547F4D005BF013 /* ButtonStyles.swift */; };
/* End PBXBuildFile section */

/* Begin PBXFileReference section */
		175C3FBE264DE043003B36ED /* ArrayHelpers.swift */ = {isa = PBXFileReference; lastKnownFileType = sourcecode.swift; path = ArrayHelpers.swift; sourceTree = "<group>"; };
		175C3FC1264DECCB003B36ED /* Pie.swift */ = {isa = PBXFileReference; lastKnownFileType = sourcecode.swift; path = Pie.swift; sourceTree = "<group>"; };
		175C3FC4264DF226003B36ED /* Cardify.swift */ = {isa = PBXFileReference; lastKnownFileType = sourcecode.swift; path = Cardify.swift; sourceTree = "<group>"; };
		178239562647265A00D81291 /* Grid.swift */ = {isa = PBXFileReference; lastKnownFileType = sourcecode.swift; path = Grid.swift; sourceTree = "<group>"; };
		178239592647282400D81291 /* GridLayout.swift */ = {isa = PBXFileReference; fileEncoding = 4; lastKnownFileType = sourcecode.swift; path = GridLayout.swift; sourceTree = "<group>"; };
		1787B92B25E2CE8300F85F1A /* Memorize.app */ = {isa = PBXFileReference; explicitFileType = wrapper.application; includeInIndex = 0; path = Memorize.app; sourceTree = BUILT_PRODUCTS_DIR; };
		1787B92E25E2CE8300F85F1A /* MemorizeApp.swift */ = {isa = PBXFileReference; lastKnownFileType = sourcecode.swift; path = MemorizeApp.swift; sourceTree = "<group>"; };
		1787B93025E2CE8300F85F1A /* EmojiMemoryGameView.swift */ = {isa = PBXFileReference; lastKnownFileType = sourcecode.swift; path = EmojiMemoryGameView.swift; sourceTree = "<group>"; };
		1787B93225E2CE8600F85F1A /* Assets.xcassets */ = {isa = PBXFileReference; lastKnownFileType = folder.assetcatalog; path = Assets.xcassets; sourceTree = "<group>"; };
		1787B93525E2CE8600F85F1A /* Preview Assets.xcassets */ = {isa = PBXFileReference; lastKnownFileType = folder.assetcatalog; path = "Preview Assets.xcassets"; sourceTree = "<group>"; };
		1787B93725E2CE8600F85F1A /* Info.plist */ = {isa = PBXFileReference; lastKnownFileType = text.plist.xml; path = Info.plist; sourceTree = "<group>"; };
		1787B93E25E2ED4700F85F1A /* MemoryGame.swift */ = {isa = PBXFileReference; lastKnownFileType = sourcecode.swift; path = MemoryGame.swift; sourceTree = "<group>"; };
		1787B94125E2EDE100F85F1A /* EmojiMemoryGame.swift */ = {isa = PBXFileReference; lastKnownFileType = sourcecode.swift; path = EmojiMemoryGame.swift; sourceTree = "<group>"; };
		17C7B85526547F4D005BF013 /* ButtonStyles.swift */ = {isa = PBXFileReference; lastKnownFileType = sourcecode.swift; path = ButtonStyles.swift; sourceTree = "<group>"; };
/* End PBXFileReference section */

/* Begin PBXFrameworksBuildPhase section */
		1787B92825E2CE8300F85F1A /* Frameworks */ = {
			isa = PBXFrameworksBuildPhase;
			buildActionMask = 2147483647;
			files = (
			);
			runOnlyForDeploymentPostprocessing = 0;
		};
/* End PBXFrameworksBuildPhase section */

/* Begin PBXGroup section */
		1787B92225E2CE8300F85F1A = {
			isa = PBXGroup;
			children = (
				1787B92D25E2CE8300F85F1A /* Memorize */,
				1787B92C25E2CE8300F85F1A /* Products */,
			);
			sourceTree = "<group>";
		};
		1787B92C25E2CE8300F85F1A /* Products */ = {
			isa = PBXGroup;
			children = (
				1787B92B25E2CE8300F85F1A /* Memorize.app */,
			);
			name = Products;
			sourceTree = "<group>";
		};
		1787B92D25E2CE8300F85F1A /* Memorize */ = {
			isa = PBXGroup;
			children = (
				1787B92E25E2CE8300F85F1A /* MemorizeApp.swift */,
				1787B93025E2CE8300F85F1A /* EmojiMemoryGameView.swift */,
				1787B93E25E2ED4700F85F1A /* MemoryGame.swift */,
				178239592647282400D81291 /* GridLayout.swift */,
				1787B94125E2EDE100F85F1A /* EmojiMemoryGame.swift */,
				1787B93225E2CE8600F85F1A /* Assets.xcassets */,
				1787B93725E2CE8600F85F1A /* Info.plist */,
				1787B93425E2CE8600F85F1A /* Preview Content */,
				178239562647265A00D81291 /* Grid.swift */,
				175C3FBE264DE043003B36ED /* ArrayHelpers.swift */,
				175C3FC1264DECCB003B36ED /* Pie.swift */,
				175C3FC4264DF226003B36ED /* Cardify.swift */,
				17C7B85526547F4D005BF013 /* ButtonStyles.swift */,
			);
			path = Memorize;
			sourceTree = "<group>";
		};
		1787B93425E2CE8600F85F1A /* Preview Content */ = {
			isa = PBXGroup;
			children = (
				1787B93525E2CE8600F85F1A /* Preview Assets.xcassets */,
			);
			path = "Preview Content";
			sourceTree = "<group>";
		};
/* End PBXGroup section */

/* Begin PBXNativeTarget section */
		1787B92A25E2CE8300F85F1A /* Memorize */ = {
			isa = PBXNativeTarget;
			buildConfigurationList = 1787B93A25E2CE8600F85F1A /* Build configuration list for PBXNativeTarget "Memorize" */;
			buildPhases = (
				1787B92725E2CE8300F85F1A /* Sources */,
				1787B92825E2CE8300F85F1A /* Frameworks */,
				1787B92925E2CE8300F85F1A /* Resources */,
			);
			buildRules = (
			);
			dependencies = (
			);
			name = Memorize;
			productName = Memorize;
			productReference = 1787B92B25E2CE8300F85F1A /* Memorize.app */;
			productType = "com.apple.product-type.application";
		};
/* End PBXNativeTarget section */

/* Begin PBXProject section */
		1787B92325E2CE8300F85F1A /* Project object */ = {
			isa = PBXProject;
			attributes = {
				LastSwiftUpdateCheck = 1210;
				LastUpgradeCheck = 1210;
				TargetAttributes = {
					1787B92A25E2CE8300F85F1A = {
						CreatedOnToolsVersion = 12.1;
					};
				};
			};
			buildConfigurationList = 1787B92625E2CE8300F85F1A /* Build configuration list for PBXProject "Memorize" */;
			compatibilityVersion = "Xcode 9.3";
			developmentRegion = en;
			hasScannedForEncodings = 0;
			knownRegions = (
				en,
				Base,
			);
			mainGroup = 1787B92225E2CE8300F85F1A;
			productRefGroup = 1787B92C25E2CE8300F85F1A /* Products */;
			projectDirPath = "";
			projectRoot = "";
			targets = (
				1787B92A25E2CE8300F85F1A /* Memorize */,
			);
		};
/* End PBXProject section */

/* Begin PBXResourcesBuildPhase section */
		1787B92925E2CE8300F85F1A /* Resources */ = {
			isa = PBXResourcesBuildPhase;
			buildActionMask = 2147483647;
			files = (
				1787B93625E2CE8600F85F1A /* Preview Assets.xcassets in Resources */,
				1787B93325E2CE8600F85F1A /* Assets.xcassets in Resources */,
			);
			runOnlyForDeploymentPostprocessing = 0;
		};
/* End PBXResourcesBuildPhase section */

/* Begin PBXSourcesBuildPhase section */
		1787B92725E2CE8300F85F1A /* Sources */ = {
			isa = PBXSourcesBuildPhase;
			buildActionMask = 2147483647;
			files = (
				1787B93F25E2ED4700F85F1A /* MemoryGame.swift in Sources */,
				1787B93125E2CE8300F85F1A /* EmojiMemoryGameView.swift in Sources */,
				175C3FC2264DECCB003B36ED /* Pie.swift in Sources */,
				17C7B85626547F4D005BF013 /* ButtonStyles.swift in Sources */,
				175C3FC5264DF226003B36ED /* Cardify.swift in Sources */,
				1787B92F25E2CE8300F85F1A /* MemorizeApp.swift in Sources */,
				175C3FBF264DE043003B36ED /* ArrayHelpers.swift in Sources */,
				1782395A2647282400D81291 /* GridLayout.swift in Sources */,
				178239572647265A00D81291 /* Grid.swift in Sources */,
				1787B94225E2EDE100F85F1A /* EmojiMemoryGame.swift in Sources */,
			);
			runOnlyForDeploymentPostprocessing = 0;
		};
/* End PBXSourcesBuildPhase section */

/* Begin XCBuildConfiguration section */
		1787B93825E2CE8600F85F1A /* Debug */ = {
			isa = XCBuildConfiguration;
			buildSettings = {
				ALWAYS_SEARCH_USER_PATHS = NO;
				CLANG_ANALYZER_NONNULL = YES;
				CLANG_ANALYZER_NUMBER_OBJECT_CONVERSION = YES_AGGRESSIVE;
				CLANG_CXX_LANGUAGE_STANDARD = "gnu++14";
				CLANG_CXX_LIBRARY = "libc++";
				CLANG_ENABLE_MODULES = YES;
				CLANG_ENABLE_OBJC_ARC = YES;
				CLANG_ENABLE_OBJC_WEAK = YES;
				CLANG_WARN_BLOCK_CAPTURE_AUTORELEASING = YES;
				CLANG_WARN_BOOL_CONVERSION = YES;
				CLANG_WARN_COMMA = YES;
				CLANG_WARN_CONSTANT_CONVERSION = YES;
				CLANG_WARN_DEPRECATED_OBJC_IMPLEMENTATIONS = YES;
				CLANG_WARN_DIRECT_OBJC_ISA_USAGE = YES_ERROR;
				CLANG_WARN_DOCUMENTATION_COMMENTS = YES;
				CLANG_WARN_EMPTY_BODY = YES;
				CLANG_WARN_ENUM_CONVERSION = YES;
				CLANG_WARN_INFINITE_RECURSION = YES;
				CLANG_WARN_INT_CONVERSION = YES;
				CLANG_WARN_NON_LITERAL_NULL_CONVERSION = YES;
				CLANG_WARN_OBJC_IMPLICIT_RETAIN_SELF = YES;
				CLANG_WARN_OBJC_LITERAL_CONVERSION = YES;
				CLANG_WARN_OBJC_ROOT_CLASS = YES_ERROR;
				CLANG_WARN_QUOTED_INCLUDE_IN_FRAMEWORK_HEADER = YES;
				CLANG_WARN_RANGE_LOOP_ANALYSIS = YES;
				CLANG_WARN_STRICT_PROTOTYPES = YES;
				CLANG_WARN_SUSPICIOUS_MOVE = YES;
				CLANG_WARN_UNGUARDED_AVAILABILITY = YES_AGGRESSIVE;
				CLANG_WARN_UNREACHABLE_CODE = YES;
				CLANG_WARN__DUPLICATE_METHOD_MATCH = YES;
				COPY_PHASE_STRIP = NO;
				DEBUG_INFORMATION_FORMAT = dwarf;
				ENABLE_STRICT_OBJC_MSGSEND = YES;
				ENABLE_TESTABILITY = YES;
				GCC_C_LANGUAGE_STANDARD = gnu11;
				GCC_DYNAMIC_NO_PIC = NO;
				GCC_NO_COMMON_BLOCKS = YES;
				GCC_OPTIMIZATION_LEVEL = 0;
				GCC_PREPROCESSOR_DEFINITIONS = (
					"DEBUG=1",
					"$(inherited)",
				);
				GCC_WARN_64_TO_32_BIT_CONVERSION = YES;
				GCC_WARN_ABOUT_RETURN_TYPE = YES_ERROR;
				GCC_WARN_UNDECLARED_SELECTOR = YES;
				GCC_WARN_UNINITIALIZED_AUTOS = YES_AGGRESSIVE;
				GCC_WARN_UNUSED_FUNCTION = YES;
				GCC_WARN_UNUSED_VARIABLE = YES;
				IPHONEOS_DEPLOYMENT_TARGET = 14.1;
				MTL_ENABLE_DEBUG_INFO = INCLUDE_SOURCE;
				MTL_FAST_MATH = YES;
				ONLY_ACTIVE_ARCH = YES;
				SDKROOT = iphoneos;
				SWIFT_ACTIVE_COMPILATION_CONDITIONS = DEBUG;
				SWIFT_OPTIMIZATION_LEVEL = "-Onone";
			};
			name = Debug;
		};
		1787B93925E2CE8600F85F1A /* Release */ = {
			isa = XCBuildConfiguration;
			buildSettings = {
				ALWAYS_SEARCH_USER_PATHS = NO;
				CLANG_ANALYZER_NONNULL = YES;
				CLANG_ANALYZER_NUMBER_OBJECT_CONVERSION = YES_AGGRESSIVE;
				CLANG_CXX_LANGUAGE_STANDARD = "gnu++14";
				CLANG_CXX_LIBRARY = "libc++";
				CLANG_ENABLE_MODULES = YES;
				CLANG_ENABLE_OBJC_ARC = YES;
				CLANG_ENABLE_OBJC_WEAK = YES;
				CLANG_WARN_BLOCK_CAPTURE_AUTORELEASING = YES;
				CLANG_WARN_BOOL_CONVERSION = YES;
				CLANG_WARN_COMMA = YES;
				CLANG_WARN_CONSTANT_CONVERSION = YES;
				CLANG_WARN_DEPRECATED_OBJC_IMPLEMENTATIONS = YES;
				CLANG_WARN_DIRECT_OBJC_ISA_USAGE = YES_ERROR;
				CLANG_WARN_DOCUMENTATION_COMMENTS = YES;
				CLANG_WARN_EMPTY_BODY = YES;
				CLANG_WARN_ENUM_CONVERSION = YES;
				CLANG_WARN_INFINITE_RECURSION = YES;
				CLANG_WARN_INT_CONVERSION = YES;
				CLANG_WARN_NON_LITERAL_NULL_CONVERSION = YES;
				CLANG_WARN_OBJC_IMPLICIT_RETAIN_SELF = YES;
				CLANG_WARN_OBJC_LITERAL_CONVERSION = YES;
				CLANG_WARN_OBJC_ROOT_CLASS = YES_ERROR;
				CLANG_WARN_QUOTED_INCLUDE_IN_FRAMEWORK_HEADER = YES;
				CLANG_WARN_RANGE_LOOP_ANALYSIS = YES;
				CLANG_WARN_STRICT_PROTOTYPES = YES;
				CLANG_WARN_SUSPICIOUS_MOVE = YES;
				CLANG_WARN_UNGUARDED_AVAILABILITY = YES_AGGRESSIVE;
				CLANG_WARN_UNREACHABLE_CODE = YES;
				CLANG_WARN__DUPLICATE_METHOD_MATCH = YES;
				COPY_PHASE_STRIP = NO;
				DEBUG_INFORMATION_FORMAT = "dwarf-with-dsym";
				ENABLE_NS_ASSERTIONS = NO;
				ENABLE_STRICT_OBJC_MSGSEND = YES;
				GCC_C_LANGUAGE_STANDARD = gnu11;
				GCC_NO_COMMON_BLOCKS = YES;
				GCC_WARN_64_TO_32_BIT_CONVERSION = YES;
				GCC_WARN_ABOUT_RETURN_TYPE = YES_ERROR;
				GCC_WARN_UNDECLARED_SELECTOR = YES;
				GCC_WARN_UNINITIALIZED_AUTOS = YES_AGGRESSIVE;
				GCC_WARN_UNUSED_FUNCTION = YES;
				GCC_WARN_UNUSED_VARIABLE = YES;
				IPHONEOS_DEPLOYMENT_TARGET = 14.1;
				MTL_ENABLE_DEBUG_INFO = NO;
				MTL_FAST_MATH = YES;
				SDKROOT = iphoneos;
				SWIFT_COMPILATION_MODE = wholemodule;
				SWIFT_OPTIMIZATION_LEVEL = "-O";
				VALIDATE_PRODUCT = YES;
			};
			name = Release;
		};
		1787B93B25E2CE8600F85F1A /* Debug */ = {
			isa = XCBuildConfiguration;
			buildSettings = {
				ASSETCATALOG_COMPILER_APPICON_NAME = AppIcon;
				ASSETCATALOG_COMPILER_GLOBAL_ACCENT_COLOR_NAME = AccentColor;
				CODE_SIGN_STYLE = Automatic;
				DEVELOPMENT_ASSET_PATHS = "\"Memorize/Preview Content\"";
				ENABLE_PREVIEWS = YES;
				INFOPLIST_FILE = Memorize/Info.plist;
				IPHONEOS_DEPLOYMENT_TARGET = 14.0;
				LD_RUNPATH_SEARCH_PATHS = (
					"$(inherited)",
					"@executable_path/Frameworks",
				);
				PRODUCT_BUNDLE_IDENTIFIER = CS193p.StanfordCourse.Memorize;
				PRODUCT_NAME = "$(TARGET_NAME)";
				SWIFT_VERSION = 5.0;
				TARGETED_DEVICE_FAMILY = "1,2";
			};
			name = Debug;
		};
		1787B93C25E2CE8600F85F1A /* Release */ = {
			isa = XCBuildConfiguration;
			buildSettings = {
				ASSETCATALOG_COMPILER_APPICON_NAME = AppIcon;
				ASSETCATALOG_COMPILER_GLOBAL_ACCENT_COLOR_NAME = AccentColor;
				CODE_SIGN_STYLE = Automatic;
				DEVELOPMENT_ASSET_PATHS = "\"Memorize/Preview Content\"";
				ENABLE_PREVIEWS = YES;
				INFOPLIST_FILE = Memorize/Info.plist;
				IPHONEOS_DEPLOYMENT_TARGET = 14.0;
				LD_RUNPATH_SEARCH_PATHS = (
					"$(inherited)",
					"@executable_path/Frameworks",
				);
				PRODUCT_BUNDLE_IDENTIFIER = CS193p.StanfordCourse.Memorize;
				PRODUCT_NAME = "$(TARGET_NAME)";
				SWIFT_VERSION = 5.0;
				TARGETED_DEVICE_FAMILY = "1,2";
			};
			name = Release;
		};
/* End XCBuildConfiguration section */

/* Begin XCConfigurationList section */
		1787B92625E2CE8300F85F1A /* Build configuration list for PBXProject "Memorize" */ = {
			isa = XCConfigurationList;
			buildConfigurations = (
				1787B93825E2CE8600F85F1A /* Debug */,
				1787B93925E2CE8600F85F1A /* Release */,
			);
			defaultConfigurationIsVisible = 0;
			defaultConfigurationName = Release;
		};
		1787B93A25E2CE8600F85F1A /* Build configuration list for PBXNativeTarget "Memorize" */ = {
			isa = XCConfigurationList;
			buildConfigurations = (
				1787B93B25E2CE8600F85F1A /* Debug */,
				1787B93C25E2CE8600F85F1A /* Release */,
			);
			defaultConfigurationIsVisible = 0;
			defaultConfigurationName = Release;
		};
/* End XCConfigurationList section */
	};
	rootObject = 1787B92325E2CE8300F85F1A /* Project object */;
}
